// !$*UTF8*$!
{
	archiveVersion = 1;
	classes = {
	};
	objectVersion = 46;
	objects = {

/* Begin PBXAggregateTarget section */
		"APIClient::APIClientPackageTests::ProductTarget" /* APIClientPackageTests */ = {
			isa = PBXAggregateTarget;
			buildConfigurationList = OBJ_31 /* Build configuration list for PBXAggregateTarget "APIClientPackageTests" */;
			buildPhases = (
			);
			dependencies = (
				OBJ_34 /* PBXTargetDependency */,
			);
			name = APIClientPackageTests;
			productName = APIClientPackageTests;
		};
/* End PBXAggregateTarget section */

/* Begin PBXBuildFile section */
		3FB8E929247C5C9E00505ADA /* RequestAdapter.swift in Sources */ = {isa = PBXBuildFile; fileRef = 3FB8E917247C5C9E00505ADA /* RequestAdapter.swift */; };
		3FB8E92A247C5C9E00505ADA /* Codable.swift in Sources */ = {isa = PBXBuildFile; fileRef = 3FB8E919247C5C9E00505ADA /* Codable.swift */; };
		3FB8E92B247C5C9E00505ADA /* Dictionary.swift in Sources */ = {isa = PBXBuildFile; fileRef = 3FB8E91A247C5C9E00505ADA /* Dictionary.swift */; };
		3FB8E92C247C5C9E00505ADA /* APIEndpoint.swift in Sources */ = {isa = PBXBuildFile; fileRef = 3FB8E91C247C5C9E00505ADA /* APIEndpoint.swift */; };
		3FB8E92D247C5C9E00505ADA /* APIRequest.swift in Sources */ = {isa = PBXBuildFile; fileRef = 3FB8E91D247C5C9E00505ADA /* APIRequest.swift */; };
		3FB8E92E247C5C9E00505ADA /* APIError.swift in Sources */ = {isa = PBXBuildFile; fileRef = 3FB8E91F247C5C9E00505ADA /* APIError.swift */; };
		3FB8E92F247C5C9E00505ADA /* IAPIClient.swift in Sources */ = {isa = PBXBuildFile; fileRef = 3FB8E921247C5C9E00505ADA /* IAPIClient.swift */; };
		3FB8E930247C5C9E00505ADA /* APIClient.swift in Sources */ = {isa = PBXBuildFile; fileRef = 3FB8E922247C5C9E00505ADA /* APIClient.swift */; };
		3FB8E931247C5C9E00505ADA /* APIDefaultStrategy.swift in Sources */ = {isa = PBXBuildFile; fileRef = 3FB8E924247C5C9E00505ADA /* APIDefaultStrategy.swift */; };
		3FB8E932247C5C9E00505ADA /* APIStrategy.swift in Sources */ = {isa = PBXBuildFile; fileRef = 3FB8E925247C5C9E00505ADA /* APIStrategy.swift */; };
		3FB8E933247C5C9E00505ADA /* LoggerAdapter.swift in Sources */ = {isa = PBXBuildFile; fileRef = 3FB8E928247C5C9E00505ADA /* LoggerAdapter.swift */; };
		OBJ_29 /* Package.swift in Sources */ = {isa = PBXBuildFile; fileRef = OBJ_6 /* Package.swift */; };
		OBJ_40 /* APIClientTests.swift in Sources */ = {isa = PBXBuildFile; fileRef = OBJ_12 /* APIClientTests.swift */; };
		OBJ_41 /* XCTestManifests.swift in Sources */ = {isa = PBXBuildFile; fileRef = OBJ_13 /* XCTestManifests.swift */; };
		OBJ_43 /* APIClient.framework in Frameworks */ = {isa = PBXBuildFile; fileRef = "APIClient::APIClient::Product" /* APIClient.framework */; };
/* End PBXBuildFile section */

/* Begin PBXContainerItemProxy section */
		3FB8E914247C5C5800505ADA /* PBXContainerItemProxy */ = {
			isa = PBXContainerItemProxy;
			containerPortal = OBJ_1 /* Project object */;
			proxyType = 1;
			remoteGlobalIDString = "APIClient::APIClient";
			remoteInfo = APIClient;
		};
		3FB8E934247C5C9F00505ADA /* PBXContainerItemProxy */ = {
			isa = PBXContainerItemProxy;
			containerPortal = OBJ_1 /* Project object */;
			proxyType = 1;
			remoteGlobalIDString = "APIClient::APIClientTests";
			remoteInfo = APIClientTests;
		};
/* End PBXContainerItemProxy section */

/* Begin PBXFileReference section */
		3FB8E917247C5C9E00505ADA /* RequestAdapter.swift */ = {isa = PBXFileReference; fileEncoding = 4; lastKnownFileType = sourcecode.swift; path = RequestAdapter.swift; sourceTree = "<group>"; };
		3FB8E919247C5C9E00505ADA /* Codable.swift */ = {isa = PBXFileReference; fileEncoding = 4; lastKnownFileType = sourcecode.swift; path = Codable.swift; sourceTree = "<group>"; };
		3FB8E91A247C5C9E00505ADA /* Dictionary.swift */ = {isa = PBXFileReference; fileEncoding = 4; lastKnownFileType = sourcecode.swift; path = Dictionary.swift; sourceTree = "<group>"; };
		3FB8E91C247C5C9E00505ADA /* APIEndpoint.swift */ = {isa = PBXFileReference; fileEncoding = 4; lastKnownFileType = sourcecode.swift; path = APIEndpoint.swift; sourceTree = "<group>"; };
		3FB8E91D247C5C9E00505ADA /* APIRequest.swift */ = {isa = PBXFileReference; fileEncoding = 4; lastKnownFileType = sourcecode.swift; path = APIRequest.swift; sourceTree = "<group>"; };
		3FB8E91F247C5C9E00505ADA /* APIError.swift */ = {isa = PBXFileReference; fileEncoding = 4; lastKnownFileType = sourcecode.swift; path = APIError.swift; sourceTree = "<group>"; };
		3FB8E921247C5C9E00505ADA /* IAPIClient.swift */ = {isa = PBXFileReference; fileEncoding = 4; lastKnownFileType = sourcecode.swift; path = IAPIClient.swift; sourceTree = "<group>"; };
		3FB8E922247C5C9E00505ADA /* APIClient.swift */ = {isa = PBXFileReference; fileEncoding = 4; lastKnownFileType = sourcecode.swift; path = APIClient.swift; sourceTree = "<group>"; };
		3FB8E924247C5C9E00505ADA /* APIDefaultStrategy.swift */ = {isa = PBXFileReference; fileEncoding = 4; lastKnownFileType = sourcecode.swift; path = APIDefaultStrategy.swift; sourceTree = "<group>"; };
		3FB8E925247C5C9E00505ADA /* APIStrategy.swift */ = {isa = PBXFileReference; fileEncoding = 4; lastKnownFileType = sourcecode.swift; path = APIStrategy.swift; sourceTree = "<group>"; };
		3FB8E928247C5C9E00505ADA /* LoggerAdapter.swift */ = {isa = PBXFileReference; fileEncoding = 4; lastKnownFileType = sourcecode.swift; path = LoggerAdapter.swift; sourceTree = "<group>"; };
		"APIClient::APIClient::Product" /* APIClient.framework */ = {isa = PBXFileReference; lastKnownFileType = wrapper.framework; path = APIClient.framework; sourceTree = BUILT_PRODUCTS_DIR; };
		"APIClient::APIClientTests::Product" /* APIClientTests.xctest */ = {isa = PBXFileReference; lastKnownFileType = file; path = APIClientTests.xctest; sourceTree = BUILT_PRODUCTS_DIR; };
		OBJ_12 /* APIClientTests.swift */ = {isa = PBXFileReference; lastKnownFileType = sourcecode.swift; path = APIClientTests.swift; sourceTree = "<group>"; };
		OBJ_13 /* XCTestManifests.swift */ = {isa = PBXFileReference; lastKnownFileType = sourcecode.swift; path = XCTestManifests.swift; sourceTree = "<group>"; };
		OBJ_6 /* Package.swift */ = {isa = PBXFileReference; explicitFileType = sourcecode.swift; path = Package.swift; sourceTree = "<group>"; };
/* End PBXFileReference section */

/* Begin PBXFrameworksBuildPhase section */
		OBJ_23 /* Frameworks */ = {
			isa = PBXFrameworksBuildPhase;
			buildActionMask = 0;
			files = (
			);
			runOnlyForDeploymentPostprocessing = 0;
		};
		OBJ_42 /* Frameworks */ = {
			isa = PBXFrameworksBuildPhase;
			buildActionMask = 0;
			files = (
				OBJ_43 /* APIClient.framework in Frameworks */,
			);
			runOnlyForDeploymentPostprocessing = 0;
		};
/* End PBXFrameworksBuildPhase section */

/* Begin PBXGroup section */
		3FB8E915247C5C9E00505ADA /* Core */ = {
			isa = PBXGroup;
			children = (
				3FB8E916247C5C9E00505ADA /* RequestAdapters */,
				3FB8E918247C5C9E00505ADA /* Extensions */,
				3FB8E91B247C5C9E00505ADA /* Endpoint */,
				3FB8E91E247C5C9E00505ADA /* Error */,
				3FB8E920247C5C9E00505ADA /* Client */,
				3FB8E923247C5C9E00505ADA /* Strategy */,
			);
			name = Core;
			path = Sources/Core;
			sourceTree = "<group>";
		};
		3FB8E916247C5C9E00505ADA /* RequestAdapters */ = {
			isa = PBXGroup;
			children = (
				3FB8E917247C5C9E00505ADA /* RequestAdapter.swift */,
			);
			path = RequestAdapters;
			sourceTree = "<group>";
		};
		3FB8E918247C5C9E00505ADA /* Extensions */ = {
			isa = PBXGroup;
			children = (
				3FB8E919247C5C9E00505ADA /* Codable.swift */,
				3FB8E91A247C5C9E00505ADA /* Dictionary.swift */,
			);
			path = Extensions;
			sourceTree = "<group>";
		};
		3FB8E91B247C5C9E00505ADA /* Endpoint */ = {
			isa = PBXGroup;
			children = (
				3FB8E91C247C5C9E00505ADA /* APIEndpoint.swift */,
				3FB8E91D247C5C9E00505ADA /* APIRequest.swift */,
			);
			path = Endpoint;
			sourceTree = "<group>";
		};
		3FB8E91E247C5C9E00505ADA /* Error */ = {
			isa = PBXGroup;
			children = (
				3FB8E91F247C5C9E00505ADA /* APIError.swift */,
			);
			path = Error;
			sourceTree = "<group>";
		};
		3FB8E920247C5C9E00505ADA /* Client */ = {
			isa = PBXGroup;
			children = (
				3FB8E921247C5C9E00505ADA /* IAPIClient.swift */,
				3FB8E922247C5C9E00505ADA /* APIClient.swift */,
			);
			path = Client;
			sourceTree = "<group>";
		};
		3FB8E923247C5C9E00505ADA /* Strategy */ = {
			isa = PBXGroup;
			children = (
				3FB8E924247C5C9E00505ADA /* APIDefaultStrategy.swift */,
				3FB8E925247C5C9E00505ADA /* APIStrategy.swift */,
			);
			path = Strategy;
			sourceTree = "<group>";
		};
		3FB8E926247C5C9E00505ADA /* OkLog */ = {
			isa = PBXGroup;
			children = (
				3FB8E927247C5C9E00505ADA /* RequestAdapters */,
			);
			name = OkLog;
			path = Sources/OkLog;
			sourceTree = "<group>";
		};
		3FB8E927247C5C9E00505ADA /* RequestAdapters */ = {
			isa = PBXGroup;
			children = (
				3FB8E928247C5C9E00505ADA /* LoggerAdapter.swift */,
			);
			path = RequestAdapters;
			sourceTree = "<group>";
		};
		OBJ_10 /* Tests */ = {
			isa = PBXGroup;
			children = (
				OBJ_11 /* APIClientTests */,
			);
			name = Tests;
			sourceTree = SOURCE_ROOT;
		};
		OBJ_11 /* APIClientTests */ = {
			isa = PBXGroup;
			children = (
				OBJ_12 /* APIClientTests.swift */,
				OBJ_13 /* XCTestManifests.swift */,
			);
			name = APIClientTests;
			path = Tests/APIClientTests;
			sourceTree = SOURCE_ROOT;
		};
		OBJ_14 /* Products */ = {
			isa = PBXGroup;
			children = (
				"APIClient::APIClient::Product" /* APIClient.framework */,
				"APIClient::APIClientTests::Product" /* APIClientTests.xctest */,
			);
			name = Products;
			sourceTree = BUILT_PRODUCTS_DIR;
		};
		OBJ_5 /*  */ = {
			isa = PBXGroup;
			children = (
				OBJ_6 /* Package.swift */,
				OBJ_7 /* Sources */,
				OBJ_10 /* Tests */,
				OBJ_14 /* Products */,
			);
			name = "";
			sourceTree = "<group>";
		};
		OBJ_7 /* Sources */ = {
			isa = PBXGroup;
			children = (
				3FB8E915247C5C9E00505ADA /* Core */,
				3FB8E926247C5C9E00505ADA /* OkLog */,
			);
			name = Sources;
			sourceTree = SOURCE_ROOT;
		};
/* End PBXGroup section */

/* Begin PBXNativeTarget section */
		"APIClient::APIClient" /* APIClient */ = {
			isa = PBXNativeTarget;
			buildConfigurationList = OBJ_18 /* Build configuration list for PBXNativeTarget "APIClient" */;
			buildPhases = (
				OBJ_21 /* Sources */,
				OBJ_23 /* Frameworks */,
			);
			buildRules = (
			);
			dependencies = (
			);
			name = APIClient;
			productName = APIClient;
			productReference = "APIClient::APIClient::Product" /* APIClient.framework */;
			productType = "com.apple.product-type.framework";
		};
		"APIClient::APIClientTests" /* APIClientTests */ = {
			isa = PBXNativeTarget;
			buildConfigurationList = OBJ_36 /* Build configuration list for PBXNativeTarget "APIClientTests" */;
			buildPhases = (
				OBJ_39 /* Sources */,
				OBJ_42 /* Frameworks */,
			);
			buildRules = (
			);
			dependencies = (
				OBJ_44 /* PBXTargetDependency */,
			);
			name = APIClientTests;
			productName = APIClientTests;
			productReference = "APIClient::APIClientTests::Product" /* APIClientTests.xctest */;
			productType = "com.apple.product-type.bundle.unit-test";
		};
		"APIClient::SwiftPMPackageDescription" /* APIClientPackageDescription */ = {
			isa = PBXNativeTarget;
			buildConfigurationList = OBJ_25 /* Build configuration list for PBXNativeTarget "APIClientPackageDescription" */;
			buildPhases = (
				OBJ_28 /* Sources */,
			);
			buildRules = (
			);
			dependencies = (
			);
			name = APIClientPackageDescription;
			productName = APIClientPackageDescription;
			productType = "com.apple.product-type.framework";
		};
/* End PBXNativeTarget section */

/* Begin PBXProject section */
		OBJ_1 /* Project object */ = {
			isa = PBXProject;
			attributes = {
				LastSwiftMigration = 9999;
				LastUpgradeCheck = 9999;
			};
			buildConfigurationList = OBJ_2 /* Build configuration list for PBXProject "APIClient" */;
			compatibilityVersion = "Xcode 3.2";
			developmentRegion = en;
			hasScannedForEncodings = 0;
			knownRegions = (
				en,
			);
			mainGroup = OBJ_5 /*  */;
			productRefGroup = OBJ_14 /* Products */;
			projectDirPath = "";
			projectRoot = "";
			targets = (
				"APIClient::APIClient" /* APIClient */,
				"APIClient::SwiftPMPackageDescription" /* APIClientPackageDescription */,
				"APIClient::APIClientPackageTests::ProductTarget" /* APIClientPackageTests */,
				"APIClient::APIClientTests" /* APIClientTests */,
			);
		};
/* End PBXProject section */

/* Begin PBXSourcesBuildPhase section */
		OBJ_21 /* Sources */ = {
			isa = PBXSourcesBuildPhase;
			buildActionMask = 0;
			files = (
				3FB8E92B247C5C9E00505ADA /* Dictionary.swift in Sources */,
				3FB8E929247C5C9E00505ADA /* RequestAdapter.swift in Sources */,
				3FB8E92A247C5C9E00505ADA /* Codable.swift in Sources */,
				3FB8E92D247C5C9E00505ADA /* APIRequest.swift in Sources */,
				3FB8E932247C5C9E00505ADA /* APIStrategy.swift in Sources */,
				3FB8E92F247C5C9E00505ADA /* IAPIClient.swift in Sources */,
				3FB8E933247C5C9E00505ADA /* LoggerAdapter.swift in Sources */,
				3FB8E92C247C5C9E00505ADA /* APIEndpoint.swift in Sources */,
				3FB8E92E247C5C9E00505ADA /* APIError.swift in Sources */,
				3FB8E930247C5C9E00505ADA /* APIClient.swift in Sources */,
				3FB8E931247C5C9E00505ADA /* APIDefaultStrategy.swift in Sources */,
			);
			runOnlyForDeploymentPostprocessing = 0;
		};
		OBJ_28 /* Sources */ = {
			isa = PBXSourcesBuildPhase;
			buildActionMask = 0;
			files = (
				OBJ_29 /* Package.swift in Sources */,
			);
			runOnlyForDeploymentPostprocessing = 0;
		};
		OBJ_39 /* Sources */ = {
			isa = PBXSourcesBuildPhase;
			buildActionMask = 0;
			files = (
				OBJ_40 /* APIClientTests.swift in Sources */,
				OBJ_41 /* XCTestManifests.swift in Sources */,
			);
			runOnlyForDeploymentPostprocessing = 0;
		};
/* End PBXSourcesBuildPhase section */

/* Begin PBXTargetDependency section */
		OBJ_34 /* PBXTargetDependency */ = {
			isa = PBXTargetDependency;
			target = "APIClient::APIClientTests" /* APIClientTests */;
			targetProxy = 3FB8E934247C5C9F00505ADA /* PBXContainerItemProxy */;
		};
		OBJ_44 /* PBXTargetDependency */ = {
			isa = PBXTargetDependency;
			target = "APIClient::APIClient" /* APIClient */;
			targetProxy = 3FB8E914247C5C5800505ADA /* PBXContainerItemProxy */;
		};
/* End PBXTargetDependency section */

/* Begin XCBuildConfiguration section */
		OBJ_19 /* Debug */ = {
			isa = XCBuildConfiguration;
			buildSettings = {
				ENABLE_TESTABILITY = YES;
				FRAMEWORK_SEARCH_PATHS = (
					"$(inherited)",
					"$(PLATFORM_DIR)/Developer/Library/Frameworks",
				);
				HEADER_SEARCH_PATHS = "$(inherited)";
				INFOPLIST_FILE = APIClient.xcodeproj/APIClient_Info.plist;
				IPHONEOS_DEPLOYMENT_TARGET = 8.0;
				LD_RUNPATH_SEARCH_PATHS = "$(inherited) $(TOOLCHAIN_DIR)/usr/lib/swift/macosx";
				MACOSX_DEPLOYMENT_TARGET = 10.10;
				OTHER_CFLAGS = "$(inherited)";
				OTHER_LDFLAGS = "$(inherited)";
				OTHER_SWIFT_FLAGS = "$(inherited)";
				PRODUCT_BUNDLE_IDENTIFIER = APIClient;
				PRODUCT_MODULE_NAME = "$(TARGET_NAME:c99extidentifier)";
				PRODUCT_NAME = "$(TARGET_NAME:c99extidentifier)";
				SKIP_INSTALL = YES;
				SWIFT_ACTIVE_COMPILATION_CONDITIONS = "$(inherited)";
				SWIFT_VERSION = 5.0;
				TARGET_NAME = APIClient;
				TVOS_DEPLOYMENT_TARGET = 9.0;
				WATCHOS_DEPLOYMENT_TARGET = 2.0;
			};
			name = Debug;
		};
		OBJ_20 /* Release */ = {
			isa = XCBuildConfiguration;
			buildSettings = {
				ENABLE_TESTABILITY = YES;
				FRAMEWORK_SEARCH_PATHS = (
					"$(inherited)",
					"$(PLATFORM_DIR)/Developer/Library/Frameworks",
				);
				HEADER_SEARCH_PATHS = "$(inherited)";
				INFOPLIST_FILE = APIClient.xcodeproj/APIClient_Info.plist;
				IPHONEOS_DEPLOYMENT_TARGET = 8.0;
				LD_RUNPATH_SEARCH_PATHS = "$(inherited) $(TOOLCHAIN_DIR)/usr/lib/swift/macosx";
				MACOSX_DEPLOYMENT_TARGET = 10.10;
				OTHER_CFLAGS = "$(inherited)";
				OTHER_LDFLAGS = "$(inherited)";
				OTHER_SWIFT_FLAGS = "$(inherited)";
				PRODUCT_BUNDLE_IDENTIFIER = APIClient;
				PRODUCT_MODULE_NAME = "$(TARGET_NAME:c99extidentifier)";
				PRODUCT_NAME = "$(TARGET_NAME:c99extidentifier)";
				SKIP_INSTALL = YES;
				SWIFT_ACTIVE_COMPILATION_CONDITIONS = "$(inherited)";
				SWIFT_VERSION = 5.0;
				TARGET_NAME = APIClient;
				TVOS_DEPLOYMENT_TARGET = 9.0;
				WATCHOS_DEPLOYMENT_TARGET = 2.0;
			};
			name = Release;
		};
		OBJ_26 /* Debug */ = {
			isa = XCBuildConfiguration;
			buildSettings = {
				LD = /usr/bin/true;
				OTHER_SWIFT_FLAGS = "-swift-version 5 -I $(TOOLCHAIN_DIR)/usr/lib/swift/pm/4_2 -target x86_64-apple-macosx10.10 -sdk /Applications/Xcode-beta.app/Contents/Developer/Platforms/MacOSX.platform/Developer/SDKs/MacOSX10.15.sdk -package-description-version 5.1";
				SWIFT_VERSION = 5.0;
			};
			name = Debug;
		};
		OBJ_27 /* Release */ = {
			isa = XCBuildConfiguration;
			buildSettings = {
				LD = /usr/bin/true;
				OTHER_SWIFT_FLAGS = "-swift-version 5 -I $(TOOLCHAIN_DIR)/usr/lib/swift/pm/4_2 -target x86_64-apple-macosx10.10 -sdk /Applications/Xcode-beta.app/Contents/Developer/Platforms/MacOSX.platform/Developer/SDKs/MacOSX10.15.sdk -package-description-version 5.1";
				SWIFT_VERSION = 5.0;
			};
			name = Release;
		};
		OBJ_3 /* Debug */ = {
			isa = XCBuildConfiguration;
			buildSettings = {
				CLANG_ENABLE_OBJC_ARC = YES;
				COMBINE_HIDPI_IMAGES = YES;
				COPY_PHASE_STRIP = NO;
				DEBUG_INFORMATION_FORMAT = dwarf;
				DYLIB_INSTALL_NAME_BASE = "@rpath";
				ENABLE_NS_ASSERTIONS = YES;
				GCC_OPTIMIZATION_LEVEL = 0;
				GCC_PREPROCESSOR_DEFINITIONS = (
					"$(inherited)",
					"SWIFT_PACKAGE=1",
					"DEBUG=1",
				);
				MACOSX_DEPLOYMENT_TARGET = 10.10;
				ONLY_ACTIVE_ARCH = YES;
				OTHER_SWIFT_FLAGS = "$(inherited) -DXcode";
				PRODUCT_NAME = "$(TARGET_NAME)";
				SDKROOT = macosx;
				SUPPORTED_PLATFORMS = "macosx iphoneos iphonesimulator appletvos appletvsimulator watchos watchsimulator";
				SWIFT_ACTIVE_COMPILATION_CONDITIONS = "$(inherited) SWIFT_PACKAGE DEBUG";
				SWIFT_OPTIMIZATION_LEVEL = "-Onone";
				USE_HEADERMAP = NO;
			};
			name = Debug;
		};
		OBJ_32 /* Debug */ = {
			isa = XCBuildConfiguration;
			buildSettings = {
			};
			name = Debug;
		};
		OBJ_33 /* Release */ = {
			isa = XCBuildConfiguration;
			buildSettings = {
			};
			name = Release;
		};
		OBJ_37 /* Debug */ = {
			isa = XCBuildConfiguration;
			buildSettings = {
				CLANG_ENABLE_MODULES = YES;
				EMBEDDED_CONTENT_CONTAINS_SWIFT = YES;
				FRAMEWORK_SEARCH_PATHS = (
					"$(inherited)",
					"$(PLATFORM_DIR)/Developer/Library/Frameworks",
				);
				HEADER_SEARCH_PATHS = "$(inherited)";
				INFOPLIST_FILE = APIClient.xcodeproj/APIClientTests_Info.plist;
				IPHONEOS_DEPLOYMENT_TARGET = 8.0;
				LD_RUNPATH_SEARCH_PATHS = "$(inherited) @loader_path/../Frameworks @loader_path/Frameworks";
				MACOSX_DEPLOYMENT_TARGET = 10.10;
				OTHER_CFLAGS = "$(inherited)";
				OTHER_LDFLAGS = "$(inherited)";
				OTHER_SWIFT_FLAGS = "$(inherited)";
				SWIFT_ACTIVE_COMPILATION_CONDITIONS = "$(inherited)";
				SWIFT_VERSION = 5.0;
				TARGET_NAME = APIClientTests;
				TVOS_DEPLOYMENT_TARGET = 9.0;
				WATCHOS_DEPLOYMENT_TARGET = 2.0;
			};
			name = Debug;
		};
		OBJ_38 /* Release */ = {
			isa = XCBuildConfiguration;
			buildSettings = {
				CLANG_ENABLE_MODULES = YES;
				EMBEDDED_CONTENT_CONTAINS_SWIFT = YES;
				FRAMEWORK_SEARCH_PATHS = (
					"$(inherited)",
					"$(PLATFORM_DIR)/Developer/Library/Frameworks",
				);
				HEADER_SEARCH_PATHS = "$(inherited)";
				INFOPLIST_FILE = APIClient.xcodeproj/APIClientTests_Info.plist;
				IPHONEOS_DEPLOYMENT_TARGET = 8.0;
				LD_RUNPATH_SEARCH_PATHS = "$(inherited) @loader_path/../Frameworks @loader_path/Frameworks";
				MACOSX_DEPLOYMENT_TARGET = 10.10;
				OTHER_CFLAGS = "$(inherited)";
				OTHER_LDFLAGS = "$(inherited)";
				OTHER_SWIFT_FLAGS = "$(inherited)";
				SWIFT_ACTIVE_COMPILATION_CONDITIONS = "$(inherited)";
				SWIFT_VERSION = 5.0;
				TARGET_NAME = APIClientTests;
				TVOS_DEPLOYMENT_TARGET = 9.0;
				WATCHOS_DEPLOYMENT_TARGET = 2.0;
			};
			name = Release;
		};
		OBJ_4 /* Release */ = {
			isa = XCBuildConfiguration;
			buildSettings = {
				CLANG_ENABLE_OBJC_ARC = YES;
				COMBINE_HIDPI_IMAGES = YES;
				COPY_PHASE_STRIP = YES;
				DEBUG_INFORMATION_FORMAT = "dwarf-with-dsym";
				DYLIB_INSTALL_NAME_BASE = "@rpath";
				GCC_OPTIMIZATION_LEVEL = s;
				GCC_PREPROCESSOR_DEFINITIONS = (
					"$(inherited)",
					"SWIFT_PACKAGE=1",
				);
				MACOSX_DEPLOYMENT_TARGET = 10.10;
				OTHER_SWIFT_FLAGS = "$(inherited) -DXcode";
				PRODUCT_NAME = "$(TARGET_NAME)";
				SDKROOT = macosx;
				SUPPORTED_PLATFORMS = "macosx iphoneos iphonesimulator appletvos appletvsimulator watchos watchsimulator";
				SWIFT_ACTIVE_COMPILATION_CONDITIONS = "$(inherited) SWIFT_PACKAGE";
				SWIFT_OPTIMIZATION_LEVEL = "-Owholemodule";
				USE_HEADERMAP = NO;
			};
			name = Release;
		};
/* End XCBuildConfiguration section */

/* Begin XCConfigurationList section */
		OBJ_18 /* Build configuration list for PBXNativeTarget "APIClient" */ = {
			isa = XCConfigurationList;
			buildConfigurations = (
				OBJ_19 /* Debug */,
				OBJ_20 /* Release */,
			);
			defaultConfigurationIsVisible = 0;
			defaultConfigurationName = Release;
		};
		OBJ_2 /* Build configuration list for PBXProject "APIClient" */ = {
			isa = XCConfigurationList;
			buildConfigurations = (
				OBJ_3 /* Debug */,
				OBJ_4 /* Release */,
			);
			defaultConfigurationIsVisible = 0;
			defaultConfigurationName = Release;
		};
		OBJ_25 /* Build configuration list for PBXNativeTarget "APIClientPackageDescription" */ = {
			isa = XCConfigurationList;
			buildConfigurations = (
				OBJ_26 /* Debug */,
				OBJ_27 /* Release */,
			);
			defaultConfigurationIsVisible = 0;
			defaultConfigurationName = Release;
		};
		OBJ_31 /* Build configuration list for PBXAggregateTarget "APIClientPackageTests" */ = {
			isa = XCConfigurationList;
			buildConfigurations = (
				OBJ_32 /* Debug */,
				OBJ_33 /* Release */,
			);
			defaultConfigurationIsVisible = 0;
			defaultConfigurationName = Release;
		};
		OBJ_36 /* Build configuration list for PBXNativeTarget "APIClientTests" */ = {
			isa = XCConfigurationList;
			buildConfigurations = (
				OBJ_37 /* Debug */,
				OBJ_38 /* Release */,
			);
			defaultConfigurationIsVisible = 0;
			defaultConfigurationName = Release;
		};
/* End XCConfigurationList section */
	};
	rootObject = OBJ_1 /* Project object */;
}
